Microsoft Visual Studio Solution File, Format Version 12.00
# Visual Studio Version 17
VisualStudioVersion = 17.5.2.0
MinimumVisualStudioVersion = 10.0.40219.1
Project("{FAE04EC0-301F-11D3-BF4B-00C04F79EFBC}") = "StudentEnrollmentAPI", "StudentEnrollmentAPI.csproj", "{5855DBD1-BA4C-5E0D-F5D5-48826B744977}"
EndProject
Global
	GlobalSection(SolutionConfigurationPlatforms) = preSolution
		Debug|Any CPU = Debug|Any CPU
		Release|Any CPU = Release|Any CPU
	EndGlobalSection
	GlobalSection(ProjectConfigurationPlatforms) = postSolution
		{5855DBD1-BA4C-5E0D-F5D5-48826B744977}.Debug|Any CPU.ActiveCfg = Debug|Any CPU
		{5855DBD1-BA4C-5E0D-F5D5-48826B744977}.Debug|Any CPU.Build.0 = Debug|Any CPU
		{5855DBD1-BA4C-5E0D-F5D5-48826B744977}.Release|Any CPU.ActiveCfg = Release|Any CPU
		{5855DBD1-BA4C-5E0D-F5D5-48826B744977}.Release|Any CPU.Build.0 = Release|Any CPU
	EndGlobalSection
	GlobalSection(SolutionProperties) = preSolution
		HideSolutionNode = FALSE
	EndGlobalSection
	GlobalSection(ExtensibilityGlobals) = postSolution
		SolutionGuid = {9EE3335E-0F12-457D-AC57-88A43B6C2411}
	EndGlobalSection
EndGlobal
