Microsoft Visual Studio Solution File, Format Version 12.00
# Visual Studio Version 17
VisualStudioVersion = 17.5.2.0
MinimumVisualStudioVersion = 10.0.40219.1
Project("{FAE04EC0-301F-11D3-BF4B-00C04F79EFBC}") = "EnrollmentSystem", "EnrollmentSystem.csproj", "{B946689B-24F1-B14C-B61F-1B3244BB0AAA}"
EndProject
Global
	GlobalSection(SolutionConfigurationPlatforms) = preSolution
		Debug|Any CPU = Debug|Any CPU
		Release|Any CPU = Release|Any CPU
	EndGlobalSection
	GlobalSection(ProjectConfigurationPlatforms) = postSolution
		{B946689B-24F1-B14C-B61F-1B3244BB0AAA}.Debug|Any CPU.ActiveCfg = Debug|Any CPU
		{B946689B-24F1-B14C-B61F-1B3244BB0AAA}.Debug|Any CPU.Build.0 = Debug|Any CPU
		{B946689B-24F1-B14C-B61F-1B3244BB0AAA}.Release|Any CPU.ActiveCfg = Release|Any CPU
		{B946689B-24F1-B14C-B61F-1B3244BB0AAA}.Release|Any CPU.Build.0 = Release|Any CPU
	EndGlobalSection
	GlobalSection(SolutionProperties) = preSolution
		HideSolutionNode = FALSE
	EndGlobalSection
	GlobalSection(ExtensibilityGlobals) = postSolution
		SolutionGuid = {1E5C6B8A-7511-4D84-82AC-85EDC1FC4323}
	EndGlobalSection
EndGlobal
